
Microsoft Visual Studio Solution File, Format Version 12.00
# Visual Studio Version 17
VisualStudioVersion = 17.8.34511.84
MinimumVisualStudioVersion = 10.0.40219.1
Project("{9A19103F-16F7-4668-BE54-9A1E7A4F7556}") = "CurrencyExchange", "Currency\CurrencyExchange.csproj", "{205F81B7-C316-4A10-997B-480D3D0FE724}"
EndProject
Project("{9A19103F-16F7-4668-BE54-9A1E7A4F7556}") = "Data", "Data\Data.csproj", "{FED24AE1-A856-47E7-B0AB-90981C53A062}"
EndProject
Project("{9A19103F-16F7-4668-BE54-9A1E7A4F7556}") = "DBManger", "DataManger\DBManger.csproj", "{BA13ED82-ADED-48ED-8597-FD617C86BA47}"
EndProject
Project("{9A19103F-16F7-4668-BE54-9A1E7A4F7556}") = "Shard", "Shard\Shard.csproj", "{392BAA37-8027-4A22-89E5-70FDB61EBCCC}"
EndProject
Project("{FAE04EC0-301F-11D3-BF4B-00C04F79EFBC}") = "ReadCurrency", "ReadCurrency\ReadCurrency.csproj", "{8983EB3D-8846-4C9C-BB9B-D890C37A8E42}"
EndProject
Global
	GlobalSection(SolutionConfigurationPlatforms) = preSolution
		Debug|Any CPU = Debug|Any CPU
		Release|Any CPU = Release|Any CPU
	EndGlobalSection
	GlobalSection(ProjectConfigurationPlatforms) = postSolution
		{205F81B7-C316-4A10-997B-480D3D0FE724}.Debug|Any CPU.ActiveCfg = Debug|Any CPU
		{205F81B7-C316-4A10-997B-480D3D0FE724}.Debug|Any CPU.Build.0 = Debug|Any CPU
		{205F81B7-C316-4A10-997B-480D3D0FE724}.Release|Any CPU.ActiveCfg = Release|Any CPU
		{205F81B7-C316-4A10-997B-480D3D0FE724}.Release|Any CPU.Build.0 = Release|Any CPU
		{FED24AE1-A856-47E7-B0AB-90981C53A062}.Debug|Any CPU.ActiveCfg = Debug|Any CPU
		{FED24AE1-A856-47E7-B0AB-90981C53A062}.Debug|Any CPU.Build.0 = Debug|Any CPU
		{FED24AE1-A856-47E7-B0AB-90981C53A062}.Release|Any CPU.ActiveCfg = Release|Any CPU
		{FED24AE1-A856-47E7-B0AB-90981C53A062}.Release|Any CPU.Build.0 = Release|Any CPU
		{BA13ED82-ADED-48ED-8597-FD617C86BA47}.Debug|Any CPU.ActiveCfg = Debug|Any CPU
		{BA13ED82-ADED-48ED-8597-FD617C86BA47}.Debug|Any CPU.Build.0 = Debug|Any CPU
		{BA13ED82-ADED-48ED-8597-FD617C86BA47}.Release|Any CPU.ActiveCfg = Release|Any CPU
		{BA13ED82-ADED-48ED-8597-FD617C86BA47}.Release|Any CPU.Build.0 = Release|Any CPU
		{392BAA37-8027-4A22-89E5-70FDB61EBCCC}.Debug|Any CPU.ActiveCfg = Debug|Any CPU
		{392BAA37-8027-4A22-89E5-70FDB61EBCCC}.Debug|Any CPU.Build.0 = Debug|Any CPU
		{392BAA37-8027-4A22-89E5-70FDB61EBCCC}.Release|Any CPU.ActiveCfg = Release|Any CPU
		{392BAA37-8027-4A22-89E5-70FDB61EBCCC}.Release|Any CPU.Build.0 = Release|Any CPU
		{8983EB3D-8846-4C9C-BB9B-D890C37A8E42}.Debug|Any CPU.ActiveCfg = Debug|Any CPU
		{8983EB3D-8846-4C9C-BB9B-D890C37A8E42}.Debug|Any CPU.Build.0 = Debug|Any CPU
		{8983EB3D-8846-4C9C-BB9B-D890C37A8E42}.Release|Any CPU.ActiveCfg = Release|Any CPU
		{8983EB3D-8846-4C9C-BB9B-D890C37A8E42}.Release|Any CPU.Build.0 = Release|Any CPU
	EndGlobalSection
	GlobalSection(SolutionProperties) = preSolution
		HideSolutionNode = FALSE
	EndGlobalSection
	GlobalSection(ExtensibilityGlobals) = postSolution
		SolutionGuid = {1A1FCED0-9A9B-4518-A68A-2ABDE3955D46}
	EndGlobalSection
EndGlobal
